
Microsoft Visual Studio Solution File, Format Version 12.00
# Visual Studio 15
VisualStudioVersion = 15.0.27703.2035
MinimumVisualStudioVersion = 10.0.40219.1
Project("{FAE04EC0-301F-11D3-BF4B-00C04F79EFBC}") = "Ch4-P4-FunWithLocalFunctions", "Ch4-P4-FunWithLocalFunctions\Ch4-P4-FunWithLocalFunctions.csproj", "{AFBBCD3A-F1A5-49CD-93F5-B5ED7CE0C823}"
EndProject
Global
	GlobalSection(SolutionConfigurationPlatforms) = preSolution
		Debug|Any CPU = Debug|Any CPU
		Release|Any CPU = Release|Any CPU
	EndGlobalSection
	GlobalSection(ProjectConfigurationPlatforms) = postSolution
		{AFBBCD3A-F1A5-49CD-93F5-B5ED7CE0C823}.Debug|Any CPU.ActiveCfg = Debug|Any CPU
		{AFBBCD3A-F1A5-49CD-93F5-B5ED7CE0C823}.Debug|Any CPU.Build.0 = Debug|Any CPU
		{AFBBCD3A-F1A5-49CD-93F5-B5ED7CE0C823}.Release|Any CPU.ActiveCfg = Release|Any CPU
		{AFBBCD3A-F1A5-49CD-93F5-B5ED7CE0C823}.Release|Any CPU.Build.0 = Release|Any CPU
	EndGlobalSection
	GlobalSection(SolutionProperties) = preSolution
		HideSolutionNode = FALSE
	EndGlobalSection
	GlobalSection(ExtensibilityGlobals) = postSolution
		SolutionGuid = {550D3EFE-8F74-458D-BDBD-018D76E224A7}
	EndGlobalSection
EndGlobal
